
Microsoft Visual Studio Solution File, Format Version 12.00
# Visual Studio Version 17
VisualStudioVersion = 17.2.32602.215
MinimumVisualStudioVersion = 10.0.40219.1
Project("{FAE04EC0-301F-11D3-BF4B-00C04F79EFBC}") = "MP3Player", "MP3Player.csproj", "{F13AE24E-3F76-40BD-A2FB-AC204EF7E5B5}"
EndProject
Global
	GlobalSection(SolutionConfigurationPlatforms) = preSolution
		Debug|Any CPU = Debug|Any CPU
		Release|Any CPU = Release|Any CPU
	EndGlobalSection
	GlobalSection(ProjectConfigurationPlatforms) = postSolution
		{F13AE24E-3F76-40BD-A2FB-AC204EF7E5B5}.Debug|Any CPU.ActiveCfg = Debug|Any CPU
		{F13AE24E-3F76-40BD-A2FB-AC204EF7E5B5}.Debug|Any CPU.Build.0 = Debug|Any CPU
		{F13AE24E-3F76-40BD-A2FB-AC204EF7E5B5}.Release|Any CPU.ActiveCfg = Release|Any CPU
		{F13AE24E-3F76-40BD-A2FB-AC204EF7E5B5}.Release|Any CPU.Build.0 = Release|Any CPU
	EndGlobalSection
	GlobalSection(SolutionProperties) = preSolution
		HideSolutionNode = FALSE
	EndGlobalSection
	GlobalSection(ExtensibilityGlobals) = postSolution
		SolutionGuid = {AC989B50-9C0C-44F9-977E-33F0D26916C4}
	EndGlobalSection
EndGlobal
